
Microsoft Visual Studio Solution File, Format Version 12.00
# Visual Studio Version 17
VisualStudioVersion = 17.7.34031.279
MinimumVisualStudioVersion = 10.0.40219.1
Project("{FAE04EC0-301F-11D3-BF4B-00C04F79EFBC}") = "Exercises9-14-23 Forelesning 2", "Exercises9-14-23 Forelesning 2\Exercises9-14-23 Forelesning 2.csproj", "{8C3525E7-D60C-40C6-8FC8-21EC4880546F}"
EndProject
Global
	GlobalSection(SolutionConfigurationPlatforms) = preSolution
		Debug|Any CPU = Debug|Any CPU
		Release|Any CPU = Release|Any CPU
	EndGlobalSection
	GlobalSection(ProjectConfigurationPlatforms) = postSolution
		{8C3525E7-D60C-40C6-8FC8-21EC4880546F}.Debug|Any CPU.ActiveCfg = Debug|Any CPU
		{8C3525E7-D60C-40C6-8FC8-21EC4880546F}.Debug|Any CPU.Build.0 = Debug|Any CPU
		{8C3525E7-D60C-40C6-8FC8-21EC4880546F}.Release|Any CPU.ActiveCfg = Release|Any CPU
		{8C3525E7-D60C-40C6-8FC8-21EC4880546F}.Release|Any CPU.Build.0 = Release|Any CPU
	EndGlobalSection
	GlobalSection(SolutionProperties) = preSolution
		HideSolutionNode = FALSE
	EndGlobalSection
	GlobalSection(ExtensibilityGlobals) = postSolution
		SolutionGuid = {215EB907-79B8-44A2-87BA-CB3AD4C990E5}
	EndGlobalSection
EndGlobal
